// !$*UTF8*$!
{
	archiveVersion = 1;
	classes = {
	};
	objectVersion = 46;
	objects = {

/* Begin PBXBuildFile section */
		9D00C0F015323CF100D7A3E4 /* UIKit.framework in Frameworks */ = {isa = PBXBuildFile; fileRef = 9D00C0EF15323CF100D7A3E4 /* UIKit.framework */; };
		9D00C0F215323CF100D7A3E4 /* Foundation.framework in Frameworks */ = {isa = PBXBuildFile; fileRef = 9D00C0F115323CF100D7A3E4 /* Foundation.framework */; };
		9D00C0F415323CF100D7A3E4 /* CoreGraphics.framework in Frameworks */ = {isa = PBXBuildFile; fileRef = 9D00C0F315323CF100D7A3E4 /* CoreGraphics.framework */; };
		9D00C0FA15323CF100D7A3E4 /* InfoPlist.strings in Resources */ = {isa = PBXBuildFile; fileRef = 9D00C0F815323CF100D7A3E4 /* InfoPlist.strings */; };
		9D00C0FC15323CF100D7A3E4 /* main.m in Sources */ = {isa = PBXBuildFile; fileRef = 9D00C0FB15323CF100D7A3E4 /* main.m */; };
		9D00C10015323CF100D7A3E4 /* AppDelegate.m in Sources */ = {isa = PBXBuildFile; fileRef = 9D00C0FF15323CF100D7A3E4 /* AppDelegate.m */; };
		9D00C11015323D7400D7A3E4 /* TapViewViewController.m in Sources */ = {isa = PBXBuildFile; fileRef = 9D00C10E15323D7400D7A3E4 /* TapViewViewController.m */; };
		9D00C11115323D7400D7A3E4 /* TapViewViewController.xib in Resources */ = {isa = PBXBuildFile; fileRef = 9D00C10F15323D7400D7A3E4 /* TapViewViewController.xib */; };
		9D00C1141532568300D7A3E4 /* Lane.m in Sources */ = {isa = PBXBuildFile; fileRef = 9D00C1131532568300D7A3E4 /* Lane.m */; };
		CEB8A1D0153CCCAC00D7A1C5 /* TapGestureRecognizerWithTag.m in Sources */ = {isa = PBXBuildFile; fileRef = CEB8A1CF153CCCAC00D7A1C5 /* TapGestureRecognizerWithTag.m */; };
		CEB8A1D3153CD20B00D7A1C5 /* LongPressGestureRecognizerWithTag.m in Sources */ = {isa = PBXBuildFile; fileRef = CEB8A1D2153CD20B00D7A1C5 /* LongPressGestureRecognizerWithTag.m */; };
		CEB8A1F71545E0DB00D7A1C5 /* image5.jpg in Resources */ = {isa = PBXBuildFile; fileRef = CEB8A1F61545E0DB00D7A1C5 /* image5.jpg */; };
		CEB8A1F91545E13E00D7A1C5 /* image4.jpg in Resources */ = {isa = PBXBuildFile; fileRef = CEB8A1F81545E13E00D7A1C5 /* image4.jpg */; };
		CEB8A1FB1545E18400D7A1C5 /* image3.jpg in Resources */ = {isa = PBXBuildFile; fileRef = CEB8A1FA1545E18400D7A1C5 /* image3.jpg */; };
		CEB8A20315470C1600D7A1C5 /* image2.jpg in Resources */ = {isa = PBXBuildFile; fileRef = CEB8A20215470C1600D7A1C5 /* image2.jpg */; };
		CEB8A20615489A8A00D7A1C5 /* glyphicons_012_heart.png in Resources */ = {isa = PBXBuildFile; fileRef = CEB8A20415489A8A00D7A1C5 /* glyphicons_012_heart.png */; };
		CEB8A20715489A8A00D7A1C5 /* glyphicons_012_heart@2x.png in Resources */ = {isa = PBXBuildFile; fileRef = CEB8A20515489A8A00D7A1C5 /* glyphicons_012_heart@2x.png */; };
		CECA62D4155304F100ECFC0A /* libTestFlight.a in Frameworks */ = {isa = PBXBuildFile; fileRef = CECA62D2155304F100ECFC0A /* libTestFlight.a */; };
		CECA62D71553057100ECFC0A /* libz.dylib in Frameworks */ = {isa = PBXBuildFile; fileRef = CECA62D61553057100ECFC0A /* libz.dylib */; };
		CECA62DB15530C7100ECFC0A /* image1.jpg in Resources */ = {isa = PBXBuildFile; fileRef = CECA62DA15530C7100ECFC0A /* image1.jpg */; };
		CEF1CEC815350FF100FDF292 /* SplitTimeViewController.xib in Resources */ = {isa = PBXBuildFile; fileRef = CEF1CEC715350FF100FDF292 /* SplitTimeViewController.xib */; };
		CEF1CECC1535107400FDF292 /* blue_button.png in Resources */ = {isa = PBXBuildFile; fileRef = CEF1CECA1535107400FDF292 /* blue_button.png */; };
		CEF1CECD1535107400FDF292 /* blue_button@2x.png in Resources */ = {isa = PBXBuildFile; fileRef = CEF1CECB1535107400FDF292 /* blue_button@2x.png */; };
		CEF1CED01535109500FDF292 /* gray_button.png in Resources */ = {isa = PBXBuildFile; fileRef = CEF1CECE1535109500FDF292 /* gray_button.png */; };
		CEF1CED11535109500FDF292 /* gray_button@2x.png in Resources */ = {isa = PBXBuildFile; fileRef = CEF1CECF1535109500FDF292 /* gray_button@2x.png */; };
		CEF1CEEC15374FD600FDF292 /* TimeParse.m in Sources */ = {isa = PBXBuildFile; fileRef = CEF1CEEB15374FD600FDF292 /* TimeParse.m */; };
		CEF1CEF0153774AB00FDF292 /* NationalRowingViewController.m in Sources */ = {isa = PBXBuildFile; fileRef = CEF1CEEE153774AB00FDF292 /* NationalRowingViewController.m */; };
		CEF1CEF1153774AB00FDF292 /* NationalRowingViewController.xib in Resources */ = {isa = PBXBuildFile; fileRef = CEF1CEEF153774AB00FDF292 /* NationalRowingViewController.xib */; };
		CEF1CEF61537797A00FDF292 /* glyphicons_261_buoy.png in Resources */ = {isa = PBXBuildFile; fileRef = CEF1CEF41537797A00FDF292 /* glyphicons_261_buoy.png */; };
		CEF1CEF71537797A00FDF292 /* glyphicons_261_buoy@2x.png in Resources */ = {isa = PBXBuildFile; fileRef = CEF1CEF51537797A00FDF292 /* glyphicons_261_buoy@2x.png */; };
		CEF1CEFA1537798A00FDF292 /* glyphicons_266_flag.png in Resources */ = {isa = PBXBuildFile; fileRef = CEF1CEF81537798A00FDF292 /* glyphicons_266_flag.png */; };
		CEF1CEFB1537798A00FDF292 /* glyphicons_266_flag@2x.png in Resources */ = {isa = PBXBuildFile; fileRef = CEF1CEF91537798A00FDF292 /* glyphicons_266_flag@2x.png */; };
		CEF1CEFE1537799200FDF292 /* glyphicons_025_binoculars.png in Resources */ = {isa = PBXBuildFile; fileRef = CEF1CEFC1537799200FDF292 /* glyphicons_025_binoculars.png */; };
		CEF1CEFF1537799200FDF292 /* glyphicons_025_binoculars@2x.png in Resources */ = {isa = PBXBuildFile; fileRef = CEF1CEFD1537799200FDF292 /* glyphicons_025_binoculars@2x.png */; };
		CEFE338E1534F8870082E284 /* SplitTimeViewController.m in Sources */ = {isa = PBXBuildFile; fileRef = CEFE338D1534F8870082E284 /* SplitTimeViewController.m */; };
		CEFE33921534F9B50082E284 /* InfoViewController.m in Sources */ = {isa = PBXBuildFile; fileRef = CEFE33901534F9B50082E284 /* InfoViewController.m */; };
		CEFE33931534F9B50082E284 /* InfoViewController.xib in Resources */ = {isa = PBXBuildFile; fileRef = CEFE33911534F9B50082E284 /* InfoViewController.xib */; };
		CEFE33971534FBE40082E284 /* OarSpotterViewController.m in Sources */ = {isa = PBXBuildFile; fileRef = CEFE33951534FBE40082E284 /* OarSpotterViewController.m */; };
		CEFE33981534FBE40082E284 /* OarSpotterViewController.xib in Resources */ = {isa = PBXBuildFile; fileRef = CEFE33961534FBE40082E284 /* OarSpotterViewController.xib */; };
/* End PBXBuildFile section */

/* Begin PBXFileReference section */
		9D00C0EB15323CF100D7A3E4 /* Rowing.app */ = {isa = PBXFileReference; explicitFileType = wrapper.application; includeInIndex = 0; path = Rowing.app; sourceTree = BUILT_PRODUCTS_DIR; };
		9D00C0EF15323CF100D7A3E4 /* UIKit.framework */ = {isa = PBXFileReference; lastKnownFileType = wrapper.framework; name = UIKit.framework; path = System/Library/Frameworks/UIKit.framework; sourceTree = SDKROOT; };
		9D00C0F115323CF100D7A3E4 /* Foundation.framework */ = {isa = PBXFileReference; lastKnownFileType = wrapper.framework; name = Foundation.framework; path = System/Library/Frameworks/Foundation.framework; sourceTree = SDKROOT; };
		9D00C0F315323CF100D7A3E4 /* CoreGraphics.framework */ = {isa = PBXFileReference; lastKnownFileType = wrapper.framework; name = CoreGraphics.framework; path = System/Library/Frameworks/CoreGraphics.framework; sourceTree = SDKROOT; };
		9D00C0F715323CF100D7A3E4 /* Rowing-Info.plist */ = {isa = PBXFileReference; lastKnownFileType = text.plist.xml; path = "Rowing-Info.plist"; sourceTree = "<group>"; };
		9D00C0F915323CF100D7A3E4 /* en */ = {isa = PBXFileReference; lastKnownFileType = text.plist.strings; name = en; path = en.lproj/InfoPlist.strings; sourceTree = "<group>"; };
		9D00C0FB15323CF100D7A3E4 /* main.m */ = {isa = PBXFileReference; lastKnownFileType = sourcecode.c.objc; path = main.m; sourceTree = "<group>"; };
		9D00C0FD15323CF100D7A3E4 /* Rowing-Prefix.pch */ = {isa = PBXFileReference; lastKnownFileType = sourcecode.c.h; path = "Rowing-Prefix.pch"; sourceTree = "<group>"; };
		9D00C0FE15323CF100D7A3E4 /* AppDelegate.h */ = {isa = PBXFileReference; lastKnownFileType = sourcecode.c.h; path = AppDelegate.h; sourceTree = "<group>"; };
		9D00C0FF15323CF100D7A3E4 /* AppDelegate.m */ = {isa = PBXFileReference; lastKnownFileType = sourcecode.c.objc; path = AppDelegate.m; sourceTree = "<group>"; };
		9D00C10D15323D7400D7A3E4 /* TapViewViewController.h */ = {isa = PBXFileReference; fileEncoding = 4; lastKnownFileType = sourcecode.c.h; name = TapViewViewController.h; path = Rowing/TapViewViewController.h; sourceTree = "<group>"; };
		9D00C10E15323D7400D7A3E4 /* TapViewViewController.m */ = {isa = PBXFileReference; fileEncoding = 4; lastKnownFileType = sourcecode.c.objc; name = TapViewViewController.m; path = Rowing/TapViewViewController.m; sourceTree = "<group>"; };
		9D00C10F15323D7400D7A3E4 /* TapViewViewController.xib */ = {isa = PBXFileReference; fileEncoding = 4; lastKnownFileType = file.xib; name = TapViewViewController.xib; path = Rowing/TapViewViewController.xib; sourceTree = "<group>"; };
		9D00C1121532568300D7A3E4 /* Lane.h */ = {isa = PBXFileReference; fileEncoding = 4; lastKnownFileType = sourcecode.c.h; name = Lane.h; path = Rowing/Lane.h; sourceTree = "<group>"; };
		9D00C1131532568300D7A3E4 /* Lane.m */ = {isa = PBXFileReference; fileEncoding = 4; lastKnownFileType = sourcecode.c.objc; name = Lane.m; path = Rowing/Lane.m; sourceTree = "<group>"; };
		CEB8A1CE153CCCAC00D7A1C5 /* TapGestureRecognizerWithTag.h */ = {isa = PBXFileReference; fileEncoding = 4; lastKnownFileType = sourcecode.c.h; path = TapGestureRecognizerWithTag.h; sourceTree = "<group>"; };
		CEB8A1CF153CCCAC00D7A1C5 /* TapGestureRecognizerWithTag.m */ = {isa = PBXFileReference; fileEncoding = 4; lastKnownFileType = sourcecode.c.objc; path = TapGestureRecognizerWithTag.m; sourceTree = "<group>"; };
		CEB8A1D1153CD20B00D7A1C5 /* LongPressGestureRecognizerWithTag.h */ = {isa = PBXFileReference; fileEncoding = 4; lastKnownFileType = sourcecode.c.h; path = LongPressGestureRecognizerWithTag.h; sourceTree = "<group>"; };
		CEB8A1D2153CD20B00D7A1C5 /* LongPressGestureRecognizerWithTag.m */ = {isa = PBXFileReference; fileEncoding = 4; lastKnownFileType = sourcecode.c.objc; path = LongPressGestureRecognizerWithTag.m; sourceTree = "<group>"; };
		CEB8A1F61545E0DB00D7A1C5 /* image5.jpg */ = {isa = PBXFileReference; lastKnownFileType = image.jpeg; path = image5.jpg; sourceTree = "<group>"; };
		CEB8A1F81545E13E00D7A1C5 /* image4.jpg */ = {isa = PBXFileReference; lastKnownFileType = image.jpeg; path = image4.jpg; sourceTree = "<group>"; };
		CEB8A1FA1545E18400D7A1C5 /* image3.jpg */ = {isa = PBXFileReference; lastKnownFileType = image.jpeg; path = image3.jpg; sourceTree = "<group>"; };
		CEB8A20215470C1600D7A1C5 /* image2.jpg */ = {isa = PBXFileReference; lastKnownFileType = image.jpeg; path = image2.jpg; sourceTree = "<group>"; };
		CEB8A20415489A8A00D7A1C5 /* glyphicons_012_heart.png */ = {isa = PBXFileReference; lastKnownFileType = image.png; path = glyphicons_012_heart.png; sourceTree = "<group>"; };
		CEB8A20515489A8A00D7A1C5 /* glyphicons_012_heart@2x.png */ = {isa = PBXFileReference; lastKnownFileType = image.png; path = "glyphicons_012_heart@2x.png"; sourceTree = "<group>"; };
		CECA62D2155304F100ECFC0A /* libTestFlight.a */ = {isa = PBXFileReference; lastKnownFileType = archive.ar; path = libTestFlight.a; sourceTree = "<group>"; };
		CECA62D3155304F100ECFC0A /* TestFlight.h */ = {isa = PBXFileReference; fileEncoding = 4; lastKnownFileType = sourcecode.c.h; path = TestFlight.h; sourceTree = "<group>"; };
		CECA62D61553057100ECFC0A /* libz.dylib */ = {isa = PBXFileReference; lastKnownFileType = "compiled.mach-o.dylib"; name = libz.dylib; path = usr/lib/libz.dylib; sourceTree = SDKROOT; };
		CECA62DA15530C7100ECFC0A /* image1.jpg */ = {isa = PBXFileReference; lastKnownFileType = image.jpeg; path = image1.jpg; sourceTree = "<group>"; };
		CEF1CEC715350FF100FDF292 /* SplitTimeViewController.xib */ = {isa = PBXFileReference; fileEncoding = 4; lastKnownFileType = file.xib; path = SplitTimeViewController.xib; sourceTree = "<group>"; };
		CEF1CECA1535107400FDF292 /* blue_button.png */ = {isa = PBXFileReference; lastKnownFileType = image.png; path = blue_button.png; sourceTree = "<group>"; };
		CEF1CECB1535107400FDF292 /* blue_button@2x.png */ = {isa = PBXFileReference; lastKnownFileType = image.png; path = "blue_button@2x.png"; sourceTree = "<group>"; };
		CEF1CECE1535109500FDF292 /* gray_button.png */ = {isa = PBXFileReference; lastKnownFileType = image.png; path = gray_button.png; sourceTree = "<group>"; };
		CEF1CECF1535109500FDF292 /* gray_button@2x.png */ = {isa = PBXFileReference; lastKnownFileType = image.png; path = "gray_button@2x.png"; sourceTree = "<group>"; };
		CEF1CEEA15374FD600FDF292 /* TimeParse.h */ = {isa = PBXFileReference; fileEncoding = 4; lastKnownFileType = sourcecode.c.h; path = TimeParse.h; sourceTree = "<group>"; };
		CEF1CEEB15374FD600FDF292 /* TimeParse.m */ = {isa = PBXFileReference; fileEncoding = 4; lastKnownFileType = sourcecode.c.objc; path = TimeParse.m; sourceTree = "<group>"; };
		CEF1CEED153774AB00FDF292 /* NationalRowingViewController.h */ = {isa = PBXFileReference; fileEncoding = 4; lastKnownFileType = sourcecode.c.h; path = NationalRowingViewController.h; sourceTree = "<group>"; };
		CEF1CEEE153774AB00FDF292 /* NationalRowingViewController.m */ = {isa = PBXFileReference; fileEncoding = 4; lastKnownFileType = sourcecode.c.objc; lineEnding = 0; path = NationalRowingViewController.m; sourceTree = "<group>"; xcLanguageSpecificationIdentifier = xcode.lang.objc; };
		CEF1CEEF153774AB00FDF292 /* NationalRowingViewController.xib */ = {isa = PBXFileReference; fileEncoding = 4; lastKnownFileType = file.xib; path = NationalRowingViewController.xib; sourceTree = "<group>"; };
		CEF1CEF41537797A00FDF292 /* glyphicons_261_buoy.png */ = {isa = PBXFileReference; lastKnownFileType = image.png; path = glyphicons_261_buoy.png; sourceTree = "<group>"; };
		CEF1CEF51537797A00FDF292 /* glyphicons_261_buoy@2x.png */ = {isa = PBXFileReference; lastKnownFileType = image.png; path = "glyphicons_261_buoy@2x.png"; sourceTree = "<group>"; };
		CEF1CEF81537798A00FDF292 /* glyphicons_266_flag.png */ = {isa = PBXFileReference; lastKnownFileType = image.png; path = glyphicons_266_flag.png; sourceTree = "<group>"; };
		CEF1CEF91537798A00FDF292 /* glyphicons_266_flag@2x.png */ = {isa = PBXFileReference; lastKnownFileType = image.png; path = "glyphicons_266_flag@2x.png"; sourceTree = "<group>"; };
		CEF1CEFC1537799200FDF292 /* glyphicons_025_binoculars.png */ = {isa = PBXFileReference; lastKnownFileType = image.png; path = glyphicons_025_binoculars.png; sourceTree = "<group>"; };
		CEF1CEFD1537799200FDF292 /* glyphicons_025_binoculars@2x.png */ = {isa = PBXFileReference; lastKnownFileType = image.png; path = "glyphicons_025_binoculars@2x.png"; sourceTree = "<group>"; };
		CEFE338C1534F8870082E284 /* SplitTimeViewController.h */ = {isa = PBXFileReference; fileEncoding = 4; lastKnownFileType = sourcecode.c.h; path = SplitTimeViewController.h; sourceTree = "<group>"; };
		CEFE338D1534F8870082E284 /* SplitTimeViewController.m */ = {isa = PBXFileReference; fileEncoding = 4; lastKnownFileType = sourcecode.c.objc; path = SplitTimeViewController.m; sourceTree = "<group>"; };
		CEFE338F1534F9B50082E284 /* InfoViewController.h */ = {isa = PBXFileReference; fileEncoding = 4; lastKnownFileType = sourcecode.c.h; path = InfoViewController.h; sourceTree = "<group>"; };
		CEFE33901534F9B50082E284 /* InfoViewController.m */ = {isa = PBXFileReference; fileEncoding = 4; lastKnownFileType = sourcecode.c.objc; path = InfoViewController.m; sourceTree = "<group>"; };
		CEFE33911534F9B50082E284 /* InfoViewController.xib */ = {isa = PBXFileReference; fileEncoding = 4; lastKnownFileType = file.xib; path = InfoViewController.xib; sourceTree = "<group>"; };
		CEFE33941534FBE40082E284 /* OarSpotterViewController.h */ = {isa = PBXFileReference; fileEncoding = 4; lastKnownFileType = sourcecode.c.h; path = OarSpotterViewController.h; sourceTree = "<group>"; };
		CEFE33951534FBE40082E284 /* OarSpotterViewController.m */ = {isa = PBXFileReference; fileEncoding = 4; lastKnownFileType = sourcecode.c.objc; path = OarSpotterViewController.m; sourceTree = "<group>"; };
		CEFE33961534FBE40082E284 /* OarSpotterViewController.xib */ = {isa = PBXFileReference; fileEncoding = 4; lastKnownFileType = file.xib; path = OarSpotterViewController.xib; sourceTree = "<group>"; };
/* End PBXFileReference section */

/* Begin PBXFrameworksBuildPhase section */
		9D00C0E815323CF100D7A3E4 /* Frameworks */ = {
			isa = PBXFrameworksBuildPhase;
			buildActionMask = 2147483647;
			files = (
				CECA62D71553057100ECFC0A /* libz.dylib in Frameworks */,
				9D00C0F015323CF100D7A3E4 /* UIKit.framework in Frameworks */,
				9D00C0F215323CF100D7A3E4 /* Foundation.framework in Frameworks */,
				9D00C0F415323CF100D7A3E4 /* CoreGraphics.framework in Frameworks */,
				CECA62D4155304F100ECFC0A /* libTestFlight.a in Frameworks */,
			);
			runOnlyForDeploymentPostprocessing = 0;
		};
/* End PBXFrameworksBuildPhase section */

/* Begin PBXGroup section */
		9D00C0E015323CF100D7A3E4 = {
			isa = PBXGroup;
			children = (
				CECA62D61553057100ECFC0A /* libz.dylib */,
				CEB8A1C9153CCA8200D7A1C5 /* Custom */,
				CEF1CEC91535105B00FDF292 /* Images */,
				CEFE338B1534F8130082E284 /* Model */,
				CEFE33891534F8030082E284 /* View Controllers */,
				9D00C0F515323CF100D7A3E4 /* Rowing */,
				9D00C0EE15323CF100D7A3E4 /* Frameworks */,
				9D00C0EC15323CF100D7A3E4 /* Products */,
			);
			sourceTree = "<group>";
		};
		9D00C0EC15323CF100D7A3E4 /* Products */ = {
			isa = PBXGroup;
			children = (
				9D00C0EB15323CF100D7A3E4 /* Rowing.app */,
			);
			name = Products;
			sourceTree = "<group>";
		};
		9D00C0EE15323CF100D7A3E4 /* Frameworks */ = {
			isa = PBXGroup;
			children = (
				9D00C0EF15323CF100D7A3E4 /* UIKit.framework */,
				9D00C0F115323CF100D7A3E4 /* Foundation.framework */,
				9D00C0F315323CF100D7A3E4 /* CoreGraphics.framework */,
			);
			name = Frameworks;
			sourceTree = "<group>";
		};
		9D00C0F515323CF100D7A3E4 /* Rowing */ = {
			isa = PBXGroup;
			children = (
				CECA62D2155304F100ECFC0A /* libTestFlight.a */,
				CECA62D3155304F100ECFC0A /* TestFlight.h */,
				9D00C0FE15323CF100D7A3E4 /* AppDelegate.h */,
				9D00C0FF15323CF100D7A3E4 /* AppDelegate.m */,
				9D00C0F615323CF100D7A3E4 /* Supporting Files */,
			);
			path = Rowing;
			sourceTree = "<group>";
		};
		9D00C0F615323CF100D7A3E4 /* Supporting Files */ = {
			isa = PBXGroup;
			children = (
				9D00C0F715323CF100D7A3E4 /* Rowing-Info.plist */,
				9D00C0F815323CF100D7A3E4 /* InfoPlist.strings */,
				9D00C0FB15323CF100D7A3E4 /* main.m */,
				9D00C0FD15323CF100D7A3E4 /* Rowing-Prefix.pch */,
			);
			name = "Supporting Files";
			sourceTree = "<group>";
		};
		CEB8A1C9153CCA8200D7A1C5 /* Custom */ = {
			isa = PBXGroup;
			children = (
				CEB8A1CE153CCCAC00D7A1C5 /* TapGestureRecognizerWithTag.h */,
				CEB8A1CF153CCCAC00D7A1C5 /* TapGestureRecognizerWithTag.m */,
				CEB8A1D1153CD20B00D7A1C5 /* LongPressGestureRecognizerWithTag.h */,
				CEB8A1D2153CD20B00D7A1C5 /* LongPressGestureRecognizerWithTag.m */,
			);
			name = Custom;
			sourceTree = "<group>";
		};
		CEF1CEC91535105B00FDF292 /* Images */ = {
			isa = PBXGroup;
			children = (
				CECA62DA15530C7100ECFC0A /* image1.jpg */,
				CEB8A20215470C1600D7A1C5 /* image2.jpg */,
				CEB8A1FA1545E18400D7A1C5 /* image3.jpg */,
				CEB8A1F81545E13E00D7A1C5 /* image4.jpg */,
				CEB8A1F61545E0DB00D7A1C5 /* image5.jpg */,
				CEB8A20415489A8A00D7A1C5 /* glyphicons_012_heart.png */,
				CEB8A20515489A8A00D7A1C5 /* glyphicons_012_heart@2x.png */,
				CEF1CEFC1537799200FDF292 /* glyphicons_025_binoculars.png */,
				CEF1CEFD1537799200FDF292 /* glyphicons_025_binoculars@2x.png */,
				CEF1CEF81537798A00FDF292 /* glyphicons_266_flag.png */,
				CEF1CEF91537798A00FDF292 /* glyphicons_266_flag@2x.png */,
				CEF1CEF41537797A00FDF292 /* glyphicons_261_buoy.png */,
				CEF1CEF51537797A00FDF292 /* glyphicons_261_buoy@2x.png */,
				CEF1CECA1535107400FDF292 /* blue_button.png */,
				CEF1CECB1535107400FDF292 /* blue_button@2x.png */,
				CEF1CECE1535109500FDF292 /* gray_button.png */,
				CEF1CECF1535109500FDF292 /* gray_button@2x.png */,
			);
			name = Images;
			sourceTree = "<group>";
		};
		CEFE33891534F8030082E284 /* View Controllers */ = {
			isa = PBXGroup;
			children = (
				9D00C10D15323D7400D7A3E4 /* TapViewViewController.h */,
				9D00C10E15323D7400D7A3E4 /* TapViewViewController.m */,
				9D00C10F15323D7400D7A3E4 /* TapViewViewController.xib */,
				CEFE33941534FBE40082E284 /* OarSpotterViewController.h */,
				CEFE33951534FBE40082E284 /* OarSpotterViewController.m */,
				CEFE33961534FBE40082E284 /* OarSpotterViewController.xib */,
				CEFE338C1534F8870082E284 /* SplitTimeViewController.h */,
				CEFE338D1534F8870082E284 /* SplitTimeViewController.m */,
				CEF1CEC715350FF100FDF292 /* SplitTimeViewController.xib */,
				CEF1CEED153774AB00FDF292 /* NationalRowingViewController.h */,
				CEF1CEEE153774AB00FDF292 /* NationalRowingViewController.m */,
				CEF1CEEF153774AB00FDF292 /* NationalRowingViewController.xib */,
				CEFE338F1534F9B50082E284 /* InfoViewController.h */,
				CEFE33901534F9B50082E284 /* InfoViewController.m */,
				CEFE33911534F9B50082E284 /* InfoViewController.xib */,
			);
			name = "View Controllers";
			sourceTree = "<group>";
		};
		CEFE338B1534F8130082E284 /* Model */ = {
			isa = PBXGroup;
			children = (
				9D00C1121532568300D7A3E4 /* Lane.h */,
				9D00C1131532568300D7A3E4 /* Lane.m */,
				CEF1CEEA15374FD600FDF292 /* TimeParse.h */,
				CEF1CEEB15374FD600FDF292 /* TimeParse.m */,
			);
			name = Model;
			sourceTree = "<group>";
		};
/* End PBXGroup section */

/* Begin PBXNativeTarget section */
		9D00C0EA15323CF100D7A3E4 /* Rowing */ = {
			isa = PBXNativeTarget;
			buildConfigurationList = 9D00C10315323CF100D7A3E4 /* Build configuration list for PBXNativeTarget "Rowing" */;
			buildPhases = (
				9D00C0E715323CF100D7A3E4 /* Sources */,
				9D00C0E815323CF100D7A3E4 /* Frameworks */,
				9D00C0E915323CF100D7A3E4 /* Resources */,
			);
			buildRules = (
			);
			dependencies = (
			);
			name = Rowing;
			productName = Rowing;
			productReference = 9D00C0EB15323CF100D7A3E4 /* Rowing.app */;
			productType = "com.apple.product-type.application";
		};
/* End PBXNativeTarget section */

/* Begin PBXProject section */
		9D00C0E215323CF100D7A3E4 /* Project object */ = {
			isa = PBXProject;
			attributes = {
				LastUpgradeCheck = 0430;
			};
			buildConfigurationList = 9D00C0E515323CF100D7A3E4 /* Build configuration list for PBXProject "Rowing" */;
			compatibilityVersion = "Xcode 3.2";
			developmentRegion = English;
			hasScannedForEncodings = 0;
			knownRegions = (
				en,
			);
			mainGroup = 9D00C0E015323CF100D7A3E4;
			productRefGroup = 9D00C0EC15323CF100D7A3E4 /* Products */;
			projectDirPath = "";
			projectRoot = "";
			targets = (
				9D00C0EA15323CF100D7A3E4 /* Rowing */,
			);
		};
/* End PBXProject section */

/* Begin PBXResourcesBuildPhase section */
		9D00C0E915323CF100D7A3E4 /* Resources */ = {
			isa = PBXResourcesBuildPhase;
			buildActionMask = 2147483647;
			files = (
				9D00C0FA15323CF100D7A3E4 /* InfoPlist.strings in Resources */,
				9D00C11115323D7400D7A3E4 /* TapViewViewController.xib in Resources */,
				CEFE33931534F9B50082E284 /* InfoViewController.xib in Resources */,
				CEFE33981534FBE40082E284 /* OarSpotterViewController.xib in Resources */,
				CEF1CEC815350FF100FDF292 /* SplitTimeViewController.xib in Resources */,
				CEF1CECC1535107400FDF292 /* blue_button.png in Resources */,
				CEF1CECD1535107400FDF292 /* blue_button@2x.png in Resources */,
				CEF1CED01535109500FDF292 /* gray_button.png in Resources */,
				CEF1CED11535109500FDF292 /* gray_button@2x.png in Resources */,
				CEF1CEF1153774AB00FDF292 /* NationalRowingViewController.xib in Resources */,
				CEF1CEF61537797A00FDF292 /* glyphicons_261_buoy.png in Resources */,
				CEF1CEF71537797A00FDF292 /* glyphicons_261_buoy@2x.png in Resources */,
				CEF1CEFA1537798A00FDF292 /* glyphicons_266_flag.png in Resources */,
				CEF1CEFB1537798A00FDF292 /* glyphicons_266_flag@2x.png in Resources */,
				CEF1CEFE1537799200FDF292 /* glyphicons_025_binoculars.png in Resources */,
				CEF1CEFF1537799200FDF292 /* glyphicons_025_binoculars@2x.png in Resources */,
				CEB8A1F71545E0DB00D7A1C5 /* image5.jpg in Resources */,
				CEB8A1F91545E13E00D7A1C5 /* image4.jpg in Resources */,
				CEB8A1FB1545E18400D7A1C5 /* image3.jpg in Resources */,
				CEB8A20315470C1600D7A1C5 /* image2.jpg in Resources */,
				CEB8A20615489A8A00D7A1C5 /* glyphicons_012_heart.png in Resources */,
				CEB8A20715489A8A00D7A1C5 /* glyphicons_012_heart@2x.png in Resources */,
				CECA62DB15530C7100ECFC0A /* image1.jpg in Resources */,
			);
			runOnlyForDeploymentPostprocessing = 0;
		};
/* End PBXResourcesBuildPhase section */

/* Begin PBXSourcesBuildPhase section */
		9D00C0E715323CF100D7A3E4 /* Sources */ = {
			isa = PBXSourcesBuildPhase;
			buildActionMask = 2147483647;
			files = (
				9D00C0FC15323CF100D7A3E4 /* main.m in Sources */,
				9D00C10015323CF100D7A3E4 /* AppDelegate.m in Sources */,
				9D00C11015323D7400D7A3E4 /* TapViewViewController.m in Sources */,
				9D00C1141532568300D7A3E4 /* Lane.m in Sources */,
				CEFE338E1534F8870082E284 /* SplitTimeViewController.m in Sources */,
				CEFE33921534F9B50082E284 /* InfoViewController.m in Sources */,
				CEFE33971534FBE40082E284 /* OarSpotterViewController.m in Sources */,
				CEF1CEEC15374FD600FDF292 /* TimeParse.m in Sources */,
				CEF1CEF0153774AB00FDF292 /* NationalRowingViewController.m in Sources */,
				CEB8A1D0153CCCAC00D7A1C5 /* TapGestureRecognizerWithTag.m in Sources */,
				CEB8A1D3153CD20B00D7A1C5 /* LongPressGestureRecognizerWithTag.m in Sources */,
			);
			runOnlyForDeploymentPostprocessing = 0;
		};
/* End PBXSourcesBuildPhase section */

/* Begin PBXVariantGroup section */
		9D00C0F815323CF100D7A3E4 /* InfoPlist.strings */ = {
			isa = PBXVariantGroup;
			children = (
				9D00C0F915323CF100D7A3E4 /* en */,
			);
			name = InfoPlist.strings;
			sourceTree = "<group>";
		};
/* End PBXVariantGroup section */

/* Begin XCBuildConfiguration section */
		9D00C10115323CF100D7A3E4 /* Debug */ = {
			isa = XCBuildConfiguration;
			buildSettings = {
				ALWAYS_SEARCH_USER_PATHS = NO;
				ARCHS = "$(ARCHS_STANDARD_32_BIT)";
				CLANG_ENABLE_OBJC_ARC = YES;
				"CODE_SIGN_IDENTITY[sdk=iphoneos*]" = "iPhone Developer";
				COPY_PHASE_STRIP = NO;
				GCC_C_LANGUAGE_STANDARD = gnu99;
				GCC_DYNAMIC_NO_PIC = NO;
				GCC_OPTIMIZATION_LEVEL = 0;
				GCC_PREPROCESSOR_DEFINITIONS = (
					"DEBUG=1",
					"$(inherited)",
				);
				GCC_SYMBOLS_PRIVATE_EXTERN = NO;
				GCC_VERSION = com.apple.compilers.llvm.clang.1_0;
				GCC_WARN_ABOUT_RETURN_TYPE = YES;
				GCC_WARN_UNINITIALIZED_AUTOS = YES;
				GCC_WARN_UNUSED_VARIABLE = YES;
				IPHONEOS_DEPLOYMENT_TARGET = 5.1;
				SDKROOT = iphoneos;
			};
			name = Debug;
		};
		9D00C10215323CF100D7A3E4 /* Release */ = {
			isa = XCBuildConfiguration;
			buildSettings = {
				ALWAYS_SEARCH_USER_PATHS = NO;
				ARCHS = "$(ARCHS_STANDARD_32_BIT)";
				CLANG_ENABLE_OBJC_ARC = YES;
				"CODE_SIGN_IDENTITY[sdk=iphoneos*]" = "iPhone Developer";
				COPY_PHASE_STRIP = YES;
				GCC_C_LANGUAGE_STANDARD = gnu99;
				GCC_VERSION = com.apple.compilers.llvm.clang.1_0;
				GCC_WARN_ABOUT_RETURN_TYPE = YES;
				GCC_WARN_UNINITIALIZED_AUTOS = YES;
				GCC_WARN_UNUSED_VARIABLE = YES;
				IPHONEOS_DEPLOYMENT_TARGET = 5.1;
				OTHER_CFLAGS = "-DNS_BLOCK_ASSERTIONS=1";
				SDKROOT = iphoneos;
				VALIDATE_PRODUCT = YES;
			};
			name = Release;
		};
		9D00C10415323CF100D7A3E4 /* Debug */ = {
			isa = XCBuildConfiguration;
			buildSettings = {
				GCC_PRECOMPILE_PREFIX_HEADER = YES;
				GCC_PREFIX_HEADER = "Rowing/Rowing-Prefix.pch";
				INFOPLIST_FILE = "Rowing/Rowing-Info.plist";
				LIBRARY_SEARCH_PATHS = (
					"$(inherited)",
					"\"$(SRCROOT)/Rowing\"",
				);
				PRODUCT_NAME = "$(TARGET_NAME)";
				WRAPPER_EXTENSION = app;
			};
			name = Debug;
		};
		9D00C10515323CF100D7A3E4 /* Release */ = {
			isa = XCBuildConfiguration;
			buildSettings = {
				CODE_SIGN_IDENTITY = "iPhone Developer: Jeffrey Rosenbluth (A25GNGS388)";
				"CODE_SIGN_IDENTITY[sdk=iphoneos*]" = "iPhone Developer: Jeffrey Rosenbluth (A25GNGS388)";
				GCC_PRECOMPILE_PREFIX_HEADER = YES;
				GCC_PREFIX_HEADER = "Rowing/Rowing-Prefix.pch";
				INFOPLIST_FILE = "Rowing/Rowing-Info.plist";
				LIBRARY_SEARCH_PATHS = (
					"$(inherited)",
					"\"$(SRCROOT)/Rowing\"",
				);
				PRODUCT_NAME = "$(TARGET_NAME)";
				PROVISIONING_PROFILE = "5A09F9BD-29F1-4FCF-8245-3E5F537C6D1C";
				"PROVISIONING_PROFILE[sdk=iphoneos*]" = "5A09F9BD-29F1-4FCF-8245-3E5F537C6D1C";
				WRAPPER_EXTENSION = app;
			};
			name = Release;
		};
/* End XCBuildConfiguration section */

/* Begin XCConfigurationList section */
		9D00C0E515323CF100D7A3E4 /* Build configuration list for PBXProject "Rowing" */ = {
			isa = XCConfigurationList;
			buildConfigurations = (
				9D00C10115323CF100D7A3E4 /* Debug */,
				9D00C10215323CF100D7A3E4 /* Release */,
			);
			defaultConfigurationIsVisible = 0;
			defaultConfigurationName = Release;
		};
		9D00C10315323CF100D7A3E4 /* Build configuration list for PBXNativeTarget "Rowing" */ = {
			isa = XCConfigurationList;
			buildConfigurations = (
				9D00C10415323CF100D7A3E4 /* Debug */,
				9D00C10515323CF100D7A3E4 /* Release */,
			);
			defaultConfigurationIsVisible = 0;
			defaultConfigurationName = Release;
		};
/* End XCConfigurationList section */
	};
	rootObject = 9D00C0E215323CF100D7A3E4 /* Project object */;
}
